// !$*UTF8*$!
{
	archiveVersion = 1;
	classes = {
	};
	objectVersion = 46;
	objects = {

/* Begin PBXBuildFile section */
		2E35E26A1F193EB6006832CE /* AppDelegate.swift in Sources */ = {isa = PBXBuildFile; fileRef = 2E35E2691F193EB6006832CE /* AppDelegate.swift */; };
		2E35E26C1F193EB6006832CE /* ViewController.swift in Sources */ = {isa = PBXBuildFile; fileRef = 2E35E26B1F193EB6006832CE /* ViewController.swift */; };
		2E35E26F1F193EB6006832CE /* Main.storyboard in Resources */ = {isa = PBXBuildFile; fileRef = 2E35E26D1F193EB6006832CE /* Main.storyboard */; };
		2E35E2711F193EB6006832CE /* Assets.xcassets in Resources */ = {isa = PBXBuildFile; fileRef = 2E35E2701F193EB6006832CE /* Assets.xcassets */; };
		2E35E2741F193EB6006832CE /* LaunchScreen.storyboard in Resources */ = {isa = PBXBuildFile; fileRef = 2E35E2721F193EB6006832CE /* LaunchScreen.storyboard */; };
/* End PBXBuildFile section */

/* Begin PBXFileReference section */
		2E35E2661F193EB6006832CE /* xayah.app */ = {isa = PBXFileReference; explicitFileType = wrapper.application; includeInIndex = 0; path = xayah.app; sourceTree = BUILT_PRODUCTS_DIR; };
		2E35E2691F193EB6006832CE /* AppDelegate.swift */ = {isa = PBXFileReference; lastKnownFileType = sourcecode.swift; path = AppDelegate.swift; sourceTree = "<group>"; };
		2E35E26B1F193EB6006832CE /* ViewController.swift */ = {isa = PBXFileReference; lastKnownFileType = sourcecode.swift; path = ViewController.swift; sourceTree = "<group>"; };
		2E35E26E1F193EB6006832CE /* Base */ = {isa = PBXFileReference; lastKnownFileType = file.storyboard; name = Base; path = Base.lproj/Main.storyboard; sourceTree = "<group>"; };
		2E35E2701F193EB6006832CE /* Assets.xcassets */ = {isa = PBXFileReference; lastKnownFileType = folder.assetcatalog; path = Assets.xcassets; sourceTree = "<group>"; };
		2E35E2731F193EB6006832CE /* Base */ = {isa = PBXFileReference; lastKnownFileType = file.storyboard; name = Base; path = Base.lproj/LaunchScreen.storyboard; sourceTree = "<group>"; };
		2E35E2751F193EB6006832CE /* Info.plist */ = {isa = PBXFileReference; lastKnownFileType = text.plist.xml; path = Info.plist; sourceTree = "<group>"; };
/* End PBXFileReference section */

/* Begin PBXFrameworksBuildPhase section */
		2E35E2631F193EB6006832CE /* Frameworks */ = {
			isa = PBXFrameworksBuildPhase;
			buildActionMask = 2147483647;
			files = (
			);
			runOnlyForDeploymentPostprocessing = 0;
		};
/* End PBXFrameworksBuildPhase section */

/* Begin PBXGroup section */
		2E35E25D1F193EB6006832CE = {
			isa = PBXGroup;
			children = (
				2E35E2681F193EB6006832CE /* xayah */,
				2E35E2671F193EB6006832CE /* Products */,
			);
			sourceTree = "<group>";
		};
		2E35E2671F193EB6006832CE /* Products */ = {
			isa = PBXGroup;
			children = (
				2E35E2661F193EB6006832CE /* xayah.app */,
			);
			name = Products;
			sourceTree = "<group>";
		};
		2E35E2681F193EB6006832CE /* xayah */ = {
			isa = PBXGroup;
			children = (
				2E35E2691F193EB6006832CE /* AppDelegate.swift */,
				2E35E26B1F193EB6006832CE /* ViewController.swift */,
				2E35E26D1F193EB6006832CE /* Main.storyboard */,
				2E35E2701F193EB6006832CE /* Assets.xcassets */,
				2E35E2721F193EB6006832CE /* LaunchScreen.storyboard */,
				2E35E2751F193EB6006832CE /* Info.plist */,
			);
			path = xayah;
			sourceTree = "<group>";
		};
/* End PBXGroup section */

/* Begin PBXNativeTarget section */
		2E35E2651F193EB6006832CE /* xayah */ = {
			isa = PBXNativeTarget;
			buildConfigurationList = 2E35E2781F193EB6006832CE /* Build configuration list for PBXNativeTarget "xayah" */;
			buildPhases = (
				2E35E2621F193EB6006832CE /* Sources */,
				2E35E2631F193EB6006832CE /* Frameworks */,
				2E35E2641F193EB6006832CE /* Resources */,
			);
			buildRules = (
			);
			dependencies = (
			);
			name = xayah;
			productName = xayah;
			productReference = 2E35E2661F193EB6006832CE /* xayah.app */;
			productType = "com.apple.product-type.application";
		};
/* End PBXNativeTarget section */

/* Begin PBXProject section */
		2E35E25E1F193EB6006832CE /* Project object */ = {
			isa = PBXProject;
			attributes = {
				LastSwiftUpdateCheck = 0830;
				LastUpgradeCheck = 0830;
				ORGANIZATIONNAME = "Kevin W";
				TargetAttributes = {
					2E35E2651F193EB6006832CE = {
						CreatedOnToolsVersion = 8.3.3;
						ProvisioningStyle = Automatic;
					};
				};
			};
			buildConfigurationList = 2E35E2611F193EB6006832CE /* Build configuration list for PBXProject "xayah" */;
			compatibilityVersion = "Xcode 3.2";
			developmentRegion = English;
			hasScannedForEncodings = 0;
			knownRegions = (
				en,
				Base,
			);
			mainGroup = 2E35E25D1F193EB6006832CE;
			productRefGroup = 2E35E2671F193EB6006832CE /* Products */;
			projectDirPath = "";
			projectRoot = "";
			targets = (
				2E35E2651F193EB6006832CE /* xayah */,
			);
		};
/* End PBXProject section */

/* Begin PBXResourcesBuildPhase section */
		2E35E2641F193EB6006832CE /* Resources */ = {
			isa = PBXResourcesBuildPhase;
			buildActionMask = 2147483647;
			files = (
				2E35E2741F193EB6006832CE /* LaunchScreen.storyboard in Resources */,
				2E35E2711F193EB6006832CE /* Assets.xcassets in Resources */,
				2E35E26F1F193EB6006832CE /* Main.storyboard in Resources */,
			);
			runOnlyForDeploymentPostprocessing = 0;
		};
/* End PBXResourcesBuildPhase section */

/* Begin PBXSourcesBuildPhase section */
		2E35E2621F193EB6006832CE /* Sources */ = {
			isa = PBXSourcesBuildPhase;
			buildActionMask = 2147483647;
			files = (
				2E35E26C1F193EB6006832CE /* ViewController.swift in Sources */,
				2E35E26A1F193EB6006832CE /* AppDelegate.swift in Sources */,
			);
			runOnlyForDeploymentPostprocessing = 0;
		};
/* End PBXSourcesBuildPhase section */

/* Begin PBXVariantGroup section */
		2E35E26D1F193EB6006832CE /* Main.storyboard */ = {
			isa = PBXVariantGroup;
			children = (
				2E35E26E1F193EB6006832CE /* Base */,
			);
			name = Main.storyboard;
			sourceTree = "<group>";
		};
		2E35E2721F193EB6006832CE /* LaunchScreen.storyboard */ = {
			isa = PBXVariantGroup;
			children = (
				2E35E2731F193EB6006832CE /* Base */,
			);
			name = LaunchScreen.storyboard;
			sourceTree = "<group>";
		};
/* End PBXVariantGroup section */

/* Begin XCBuildConfiguration section */
		2E35E2761F193EB6006832CE /* Debug */ = {
			isa = XCBuildConfiguration;
			buildSettings = {
				ALWAYS_SEARCH_USER_PATHS = NO;
				CLANG_ANALYZER_NONNULL = YES;
				CLANG_ANALYZER_NUMBER_OBJECT_CONVERSION = YES_AGGRESSIVE;
				CLANG_CXX_LANGUAGE_STANDARD = "gnu++0x";
				CLANG_CXX_LIBRARY = "libc++";
				CLANG_ENABLE_MODULES = YES;
				CLANG_ENABLE_OBJC_ARC = YES;
				CLANG_WARN_BOOL_CONVERSION = YES;
				CLANG_WARN_CONSTANT_CONVERSION = YES;
				CLANG_WARN_DIRECT_OBJC_ISA_USAGE = YES_ERROR;
				CLANG_WARN_DOCUMENTATION_COMMENTS = YES;
				CLANG_WARN_EMPTY_BODY = YES;
				CLANG_WARN_ENUM_CONVERSION = YES;
				CLANG_WARN_INFINITE_RECURSION = YES;
				CLANG_WARN_INT_CONVERSION = YES;
				CLANG_WARN_OBJC_ROOT_CLASS = YES_ERROR;
				CLANG_WARN_SUSPICIOUS_MOVE = YES;
				CLANG_WARN_UNREACHABLE_CODE = YES;
				CLANG_WARN__DUPLICATE_METHOD_MATCH = YES;
				"CODE_SIGN_IDENTITY[sdk=iphoneos*]" = "iPhone Developer";
				COPY_PHASE_STRIP = NO;
				DEBUG_INFORMATION_FORMAT = dwarf;
				ENABLE_STRICT_OBJC_MSGSEND = YES;
				ENABLE_TESTABILITY = YES;
				GCC_C_LANGUAGE_STANDARD = gnu99;
				GCC_DYNAMIC_NO_PIC = NO;
				GCC_NO_COMMON_BLOCKS = YES;
				GCC_OPTIMIZATION_LEVEL = 0;
				GCC_PREPROCESSOR_DEFINITIONS = (
					"DEBUG=1",
					"$(inherited)",
				);
				GCC_WARN_64_TO_32_BIT_CONVERSION = YES;
				GCC_WARN_ABOUT_RETURN_TYPE = YES_ERROR;
				GCC_WARN_UNDECLARED_SELECTOR = YES;
				GCC_WARN_UNINITIALIZED_AUTOS = YES_AGGRESSIVE;
				GCC_WARN_UNUSED_FUNCTION = YES;
				GCC_WARN_UNUSED_VARIABLE = YES;
				IPHONEOS_DEPLOYMENT_TARGET = 10.3;
				MTL_ENABLE_DEBUG_INFO = YES;
				ONLY_ACTIVE_ARCH = YES;
				SDKROOT = iphoneos;
				SWIFT_ACTIVE_COMPILATION_CONDITIONS = DEBUG;
				SWIFT_OPTIMIZATION_LEVEL = "-Onone";
			};
			name = Debug;
		};
		2E35E2771F193EB6006832CE /* Release */ = {
			isa = XCBuildConfiguration;
			buildSettings = {
				ALWAYS_SEARCH_USER_PATHS = NO;
				CLANG_ANALYZER_NONNULL = YES;
				CLANG_ANALYZER_NUMBER_OBJECT_CONVERSION = YES_AGGRESSIVE;
				CLANG_CXX_LANGUAGE_STANDARD = "gnu++0x";
				CLANG_CXX_LIBRARY = "libc++";
				CLANG_ENABLE_MODULES = YES;
				CLANG_ENABLE_OBJC_ARC = YES;
				CLANG_WARN_BOOL_CONVERSION = YES;
				CLANG_WARN_CONSTANT_CONVERSION = YES;
				CLANG_WARN_DIRECT_OBJC_ISA_USAGE = YES_ERROR;
				CLANG_WARN_DOCUMENTATION_COMMENTS = YES;
				CLANG_WARN_EMPTY_BODY = YES;
				CLANG_WARN_ENUM_CONVERSION = YES;
				CLANG_WARN_INFINITE_RECURSION = YES;
				CLANG_WARN_INT_CONVERSION = YES;
				CLANG_WARN_OBJC_ROOT_CLASS = YES_ERROR;
				CLANG_WARN_SUSPICIOUS_MOVE = YES;
				CLANG_WARN_UNREACHABLE_CODE = YES;
				CLANG_WARN__DUPLICATE_METHOD_MATCH = YES;
				"CODE_SIGN_IDENTITY[sdk=iphoneos*]" = "iPhone Developer";
				COPY_PHASE_STRIP = NO;
				DEBUG_INFORMATION_FORMAT = "dwarf-with-dsym";
				ENABLE_NS_ASSERTIONS = NO;
				ENABLE_STRICT_OBJC_MSGSEND = YES;
				GCC_C_LANGUAGE_STANDARD = gnu99;
				GCC_NO_COMMON_BLOCKS = YES;
				GCC_WARN_64_TO_32_BIT_CONVERSION = YES;
				GCC_WARN_ABOUT_RETURN_TYPE = YES_ERROR;
				GCC_WARN_UNDECLARED_SELECTOR = YES;
				GCC_WARN_UNINITIALIZED_AUTOS = YES_AGGRESSIVE;
				GCC_WARN_UNUSED_FUNCTION = YES;
				GCC_WARN_UNUSED_VARIABLE = YES;
				IPHONEOS_DEPLOYMENT_TARGET = 10.3;
				MTL_ENABLE_DEBUG_INFO = NO;
				SDKROOT = iphoneos;
				SWIFT_OPTIMIZATION_LEVEL = "-Owholemodule";
				VALIDATE_PRODUCT = YES;
			};
			name = Release;
		};
		2E35E2791F193EB6006832CE /* Debug */ = {
			isa = XCBuildConfiguration;
			buildSettings = {
				ASSETCATALOG_COMPILER_APPICON_NAME = AppIcon;
				INFOPLIST_FILE = xayah/Info.plist;
				LD_RUNPATH_SEARCH_PATHS = "$(inherited) @executable_path/Frameworks";
				PRODUCT_BUNDLE_IDENTIFIER = Kwang.xayah;
				PRODUCT_NAME = "$(TARGET_NAME)";
				SWIFT_VERSION = 3.0;
			};
			name = Debug;
		};
		2E35E27A1F193EB6006832CE /* Release */ = {
			isa = XCBuildConfiguration;
			buildSettings = {
				ASSETCATALOG_COMPILER_APPICON_NAME = AppIcon;
				INFOPLIST_FILE = xayah/Info.plist;
				LD_RUNPATH_SEARCH_PATHS = "$(inherited) @executable_path/Frameworks";
				PRODUCT_BUNDLE_IDENTIFIER = Kwang.xayah;
				PRODUCT_NAME = "$(TARGET_NAME)";
				SWIFT_VERSION = 3.0;
			};
			name = Release;
		};
/* End XCBuildConfiguration section */

/* Begin XCConfigurationList section */
		2E35E2611F193EB6006832CE /* Build configuration list for PBXProject "xayah" */ = {
			isa = XCConfigurationList;
			buildConfigurations = (
				2E35E2761F193EB6006832CE /* Debug */,
				2E35E2771F193EB6006832CE /* Release */,
			);
			defaultConfigurationIsVisible = 0;
			defaultConfigurationName = Release;
		};
		2E35E2781F193EB6006832CE /* Build configuration list for PBXNativeTarget "xayah" */ = {
			isa = XCConfigurationList;
			buildConfigurations = (
				2E35E2791F193EB6006832CE /* Debug */,
				2E35E27A1F193EB6006832CE /* Release */,
			);
			defaultConfigurationIsVisible = 0;
		};
/* End XCConfigurationList section */
	};
	rootObject = 2E35E25E1F193EB6006832CE /* Project object */;
}
